Microsoft Visual Studio Solution File, Format Version 12.00
# Visual Studio 2012
Project("{FAE04EC0-301F-11D3-BF4B-00C04F79EFBC}") = "Spectral Visualizer", "Spectral Visualizer.csproj", "{77A8CCAB-8881-4BB1-9FAC-7B0A434F0E09}"
EndProject
Global
	GlobalSection(SolutionConfigurationPlatforms) = preSolution
	Debug|Any CPU = Debug|Any CPU
	Release|Any CPU = Release|Any CPU
	Tools|Any CPU = Tools|Any CPU
	EndGlobalSection
	GlobalSection(ProjectConfigurationPlatforms) = postSolution
		{77A8CCAB-8881-4BB1-9FAC-7B0A434F0E09}.Debug|Any CPU.ActiveCfg = Debug|Any CPU
		{77A8CCAB-8881-4BB1-9FAC-7B0A434F0E09}.Debug|Any CPU.Build.0 = Debug|Any CPU
		{77A8CCAB-8881-4BB1-9FAC-7B0A434F0E09}.Release|Any CPU.ActiveCfg = Release|Any CPU
		{77A8CCAB-8881-4BB1-9FAC-7B0A434F0E09}.Release|Any CPU.Build.0 = Release|Any CPU
		{77A8CCAB-8881-4BB1-9FAC-7B0A434F0E09}.Tools|Any CPU.ActiveCfg = Tools|Any CPU
		{77A8CCAB-8881-4BB1-9FAC-7B0A434F0E09}.Tools|Any CPU.Build.0 = Tools|Any CPU
	EndGlobalSection
EndGlobal
